
Microsoft Visual Studio Solution File, Format Version 12.00
# Visual Studio 15
VisualStudioVersion = 15.0.27004.2002
MinimumVisualStudioVersion = 10.0.40219.1
Project("{FAE04EC0-301F-11D3-BF4B-00C04F79EFBC}") = "FaceTutorial", "FaceTutorial\FaceTutorial.csproj", "{C099AB0F-38E3-401F-BA7A-B5E86D1627BE}"
EndProject
Global
	GlobalSection(SolutionConfigurationPlatforms) = preSolution
		Debug|Any CPU = Debug|Any CPU
		Release|Any CPU = Release|Any CPU
	EndGlobalSection
	GlobalSection(ProjectConfigurationPlatforms) = postSolution
		{C099AB0F-38E3-401F-BA7A-B5E86D1627BE}.Debug|Any CPU.ActiveCfg = Debug|Any CPU
		{C099AB0F-38E3-401F-BA7A-B5E86D1627BE}.Debug|Any CPU.Build.0 = Debug|Any CPU
		{C099AB0F-38E3-401F-BA7A-B5E86D1627BE}.Release|Any CPU.ActiveCfg = Release|Any CPU
		{C099AB0F-38E3-401F-BA7A-B5E86D1627BE}.Release|Any CPU.Build.0 = Release|Any CPU
	EndGlobalSection
	GlobalSection(SolutionProperties) = preSolution
		HideSolutionNode = FALSE
	EndGlobalSection
	GlobalSection(ExtensibilityGlobals) = postSolution
		SolutionGuid = {7FE5B81C-7613-49E2-9920-2053B02F79AA}
	EndGlobalSection
EndGlobal
